// !$*UTF8*$!
{
	archiveVersion = 1;
	classes = {
	};
	objectVersion = 51;
	objects = {

/* Begin PBXBuildFile section */
		7ACC87EEBBFC0D9E96982F9C /* libPods-MyPlaces.a in Frameworks */ = {isa = PBXBuildFile; fileRef = AA3B62923A63BBA5947B3728 /* libPods-MyPlaces.a */; };
		7B626B1723EC9331009CDC74 /* StorageManager.swift in Sources */ = {isa = PBXBuildFile; fileRef = 7B626B1623EC9331009CDC74 /* StorageManager.swift */; };
		7B626B1923EF1670009CDC74 /* RatingControl.swift in Sources */ = {isa = PBXBuildFile; fileRef = 7B626B1823EF1670009CDC74 /* RatingControl.swift */; };
		7B626B1B23F022B3009CDC74 /* MapViewController.swift in Sources */ = {isa = PBXBuildFile; fileRef = 7B626B1A23F022B3009CDC74 /* MapViewController.swift */; };
		7B6C0DBE23E87BBA007123EC /* AppDelegate.swift in Sources */ = {isa = PBXBuildFile; fileRef = 7B6C0DBD23E87BBA007123EC /* AppDelegate.swift */; };
		7B6C0DC023E87BBA007123EC /* SceneDelegate.swift in Sources */ = {isa = PBXBuildFile; fileRef = 7B6C0DBF23E87BBA007123EC /* SceneDelegate.swift */; };
		7B6C0DC523E87BBA007123EC /* Main.storyboard in Resources */ = {isa = PBXBuildFile; fileRef = 7B6C0DC323E87BBA007123EC /* Main.storyboard */; };
		7B6C0DCA23E87BBF007123EC /* Assets.xcassets in Resources */ = {isa = PBXBuildFile; fileRef = 7B6C0DC923E87BBF007123EC /* Assets.xcassets */; };
		7B6C0DCD23E87BBF007123EC /* LaunchScreen.storyboard in Resources */ = {isa = PBXBuildFile; fileRef = 7B6C0DCB23E87BBF007123EC /* LaunchScreen.storyboard */; };
		7B6C0DD723E8805F007123EC /* MainViewController.swift in Sources */ = {isa = PBXBuildFile; fileRef = 7B6C0DD623E8805F007123EC /* MainViewController.swift */; };
		7BE3821F23E9DEEF00B11711 /* CustomTableViewCell.swift in Sources */ = {isa = PBXBuildFile; fileRef = 7BE3821E23E9DEEF00B11711 /* CustomTableViewCell.swift */; };
		7BE3822123E9E35F00B11711 /* PlaceModel.swift in Sources */ = {isa = PBXBuildFile; fileRef = 7BE3822023E9E35F00B11711 /* PlaceModel.swift */; };
		7BE3822323E9F2F300B11711 /* NewPlaceViewController.swift in Sources */ = {isa = PBXBuildFile; fileRef = 7BE3822223E9F2F300B11711 /* NewPlaceViewController.swift */; };
/* End PBXBuildFile section */

/* Begin PBXFileReference section */
		290265658861A3E69AFA3D04 /* Pods-MyPlaces.release.xcconfig */ = {isa = PBXFileReference; includeInIndex = 1; lastKnownFileType = text.xcconfig; name = "Pods-MyPlaces.release.xcconfig"; path = "Target Support Files/Pods-MyPlaces/Pods-MyPlaces.release.xcconfig"; sourceTree = "<group>"; };
		5A618331DE609EBB89E138B8 /* Pods-MyPlaces.debug.xcconfig */ = {isa = PBXFileReference; includeInIndex = 1; lastKnownFileType = text.xcconfig; name = "Pods-MyPlaces.debug.xcconfig"; path = "Target Support Files/Pods-MyPlaces/Pods-MyPlaces.debug.xcconfig"; sourceTree = "<group>"; };
		7B435E2623F05A220002E75F /* Cosmos.framework */ = {isa = PBXFileReference; explicitFileType = wrapper.framework; path = Cosmos.framework; sourceTree = BUILT_PRODUCTS_DIR; };
		7B435E2A23F05A2E0002E75F /* Realm.framework */ = {isa = PBXFileReference; explicitFileType = wrapper.framework; path = Realm.framework; sourceTree = BUILT_PRODUCTS_DIR; };
		7B435E2B23F05A2E0002E75F /* RealmSwift.framework */ = {isa = PBXFileReference; explicitFileType = wrapper.framework; path = RealmSwift.framework; sourceTree = BUILT_PRODUCTS_DIR; };
		7B626B1623EC9331009CDC74 /* StorageManager.swift */ = {isa = PBXFileReference; lastKnownFileType = sourcecode.swift; path = StorageManager.swift; sourceTree = "<group>"; };
		7B626B1823EF1670009CDC74 /* RatingControl.swift */ = {isa = PBXFileReference; lastKnownFileType = sourcecode.swift; path = RatingControl.swift; sourceTree = "<group>"; };
		7B626B1A23F022B3009CDC74 /* MapViewController.swift */ = {isa = PBXFileReference; lastKnownFileType = sourcecode.swift; path = MapViewController.swift; sourceTree = "<group>"; };
		7B6C0DBA23E87BBA007123EC /* MyPlaces.app */ = {isa = PBXFileReference; explicitFileType = wrapper.application; includeInIndex = 0; path = MyPlaces.app; sourceTree = BUILT_PRODUCTS_DIR; };
		7B6C0DBD23E87BBA007123EC /* AppDelegate.swift */ = {isa = PBXFileReference; lastKnownFileType = sourcecode.swift; path = AppDelegate.swift; sourceTree = "<group>"; };
		7B6C0DBF23E87BBA007123EC /* SceneDelegate.swift */ = {isa = PBXFileReference; lastKnownFileType = sourcecode.swift; path = SceneDelegate.swift; sourceTree = "<group>"; };
		7B6C0DC423E87BBA007123EC /* Base */ = {isa = PBXFileReference; lastKnownFileType = file.storyboard; name = Base; path = Base.lproj/Main.storyboard; sourceTree = "<group>"; };
		7B6C0DC923E87BBF007123EC /* Assets.xcassets */ = {isa = PBXFileReference; lastKnownFileType = folder.assetcatalog; path = Assets.xcassets; sourceTree = "<group>"; };
		7B6C0DCC23E87BBF007123EC /* Base */ = {isa = PBXFileReference; lastKnownFileType = file.storyboard; name = Base; path = Base.lproj/LaunchScreen.storyboard; sourceTree = "<group>"; };
		7B6C0DCE23E87BBF007123EC /* Info.plist */ = {isa = PBXFileReference; lastKnownFileType = text.plist.xml; path = Info.plist; sourceTree = "<group>"; };
		7B6C0DD623E8805F007123EC /* MainViewController.swift */ = {isa = PBXFileReference; lastKnownFileType = sourcecode.swift; path = MainViewController.swift; sourceTree = "<group>"; };
		7BE3821E23E9DEEF00B11711 /* CustomTableViewCell.swift */ = {isa = PBXFileReference; lastKnownFileType = sourcecode.swift; path = CustomTableViewCell.swift; sourceTree = "<group>"; };
		7BE3822023E9E35F00B11711 /* PlaceModel.swift */ = {isa = PBXFileReference; lastKnownFileType = sourcecode.swift; path = PlaceModel.swift; sourceTree = "<group>"; };
		7BE3822223E9F2F300B11711 /* NewPlaceViewController.swift */ = {isa = PBXFileReference; lastKnownFileType = sourcecode.swift; path = NewPlaceViewController.swift; sourceTree = "<group>"; };
		AA3B62923A63BBA5947B3728 /* libPods-MyPlaces.a */ = {isa = PBXFileReference; explicitFileType = archive.ar; includeInIndex = 0; path = "libPods-MyPlaces.a"; sourceTree = BUILT_PRODUCTS_DIR; };
/* End PBXFileReference section */

/* Begin PBXFrameworksBuildPhase section */
		7B6C0DB723E87BBA007123EC /* Frameworks */ = {
			isa = PBXFrameworksBuildPhase;
			buildActionMask = 2147483647;
			files = (
				7ACC87EEBBFC0D9E96982F9C /* libPods-MyPlaces.a in Frameworks */,
			);
			runOnlyForDeploymentPostprocessing = 0;
		};
/* End PBXFrameworksBuildPhase section */

/* Begin PBXGroup section */
		50B3DEE731D489BFB6184C63 /* Frameworks */ = {
			isa = PBXGroup;
			children = (
				7B435E2A23F05A2E0002E75F /* Realm.framework */,
				7B435E2B23F05A2E0002E75F /* RealmSwift.framework */,
				7B435E2623F05A220002E75F /* Cosmos.framework */,
				AA3B62923A63BBA5947B3728 /* libPods-MyPlaces.a */,
			);
			name = Frameworks;
			sourceTree = "<group>";
		};
		7B6C0DB123E87BBA007123EC = {
			isa = PBXGroup;
			children = (
				7B6C0DBC23E87BBA007123EC /* MyPlaces */,
				7B6C0DBB23E87BBA007123EC /* Products */,
				FD3E7AF5638FD1BC31577AA1 /* Pods */,
				50B3DEE731D489BFB6184C63 /* Frameworks */,
			);
			sourceTree = "<group>";
		};
		7B6C0DBB23E87BBA007123EC /* Products */ = {
			isa = PBXGroup;
			children = (
				7B6C0DBA23E87BBA007123EC /* MyPlaces.app */,
			);
			name = Products;
			sourceTree = "<group>";
		};
		7B6C0DBC23E87BBA007123EC /* MyPlaces */ = {
			isa = PBXGroup;
			children = (
				7B6C0DBD23E87BBA007123EC /* AppDelegate.swift */,
				7B6C0DBF23E87BBA007123EC /* SceneDelegate.swift */,
				7B6C0DD623E8805F007123EC /* MainViewController.swift */,
				7BE3822223E9F2F300B11711 /* NewPlaceViewController.swift */,
				7BE3821E23E9DEEF00B11711 /* CustomTableViewCell.swift */,
				7B626B1A23F022B3009CDC74 /* MapViewController.swift */,
				7B626B1823EF1670009CDC74 /* RatingControl.swift */,
				7BE3822023E9E35F00B11711 /* PlaceModel.swift */,
				7B626B1623EC9331009CDC74 /* StorageManager.swift */,
				7B6C0DC323E87BBA007123EC /* Main.storyboard */,
				7B6C0DC923E87BBF007123EC /* Assets.xcassets */,
				7B6C0DCB23E87BBF007123EC /* LaunchScreen.storyboard */,
				7B6C0DCE23E87BBF007123EC /* Info.plist */,
			);
			path = MyPlaces;
			sourceTree = "<group>";
		};
		FD3E7AF5638FD1BC31577AA1 /* Pods */ = {
			isa = PBXGroup;
			children = (
				5A618331DE609EBB89E138B8 /* Pods-MyPlaces.debug.xcconfig */,
				290265658861A3E69AFA3D04 /* Pods-MyPlaces.release.xcconfig */,
			);
			path = Pods;
			sourceTree = "<group>";
		};
/* End PBXGroup section */

/* Begin PBXNativeTarget section */
		7B6C0DB923E87BBA007123EC /* MyPlaces */ = {
			isa = PBXNativeTarget;
			buildConfigurationList = 7B6C0DD123E87BBF007123EC /* Build configuration list for PBXNativeTarget "MyPlaces" */;
			buildPhases = (
				107F0AE602BA128063D0AE9E /* [CP] Check Pods Manifest.lock */,
				7B6C0DB623E87BBA007123EC /* Sources */,
				7B6C0DB723E87BBA007123EC /* Frameworks */,
				7B6C0DB823E87BBA007123EC /* Resources */,
			);
			buildRules = (
			);
			dependencies = (
			);
			name = MyPlaces;
			productName = MyPlaces;
			productReference = 7B6C0DBA23E87BBA007123EC /* MyPlaces.app */;
			productType = "com.apple.product-type.application";
		};
/* End PBXNativeTarget section */

/* Begin PBXProject section */
		7B6C0DB223E87BBA007123EC /* Project object */ = {
			isa = PBXProject;
			attributes = {
				LastSwiftUpdateCheck = 1130;
				LastUpgradeCheck = 1130;
				ORGANIZATIONNAME = "Maxim Alekseev";
				TargetAttributes = {
					7B6C0DB923E87BBA007123EC = {
						CreatedOnToolsVersion = 11.3.1;
					};
				};
			};
			buildConfigurationList = 7B6C0DB523E87BBA007123EC /* Build configuration list for PBXProject "MyPlaces" */;
			compatibilityVersion = "Xcode 9.3";
			developmentRegion = en;
			hasScannedForEncodings = 0;
			knownRegions = (
				en,
				Base,
			);
			mainGroup = 7B6C0DB123E87BBA007123EC;
			productRefGroup = 7B6C0DBB23E87BBA007123EC /* Products */;
			projectDirPath = "";
			projectRoot = "";
			targets = (
				7B6C0DB923E87BBA007123EC /* MyPlaces */,
			);
		};
/* End PBXProject section */

/* Begin PBXResourcesBuildPhase section */
		7B6C0DB823E87BBA007123EC /* Resources */ = {
			isa = PBXResourcesBuildPhase;
			buildActionMask = 2147483647;
			files = (
				7B6C0DCD23E87BBF007123EC /* LaunchScreen.storyboard in Resources */,
				7B6C0DCA23E87BBF007123EC /* Assets.xcassets in Resources */,
				7B6C0DC523E87BBA007123EC /* Main.storyboard in Resources */,
			);
			runOnlyForDeploymentPostprocessing = 0;
		};
/* End PBXResourcesBuildPhase section */

/* Begin PBXShellScriptBuildPhase section */
		107F0AE602BA128063D0AE9E /* [CP] Check Pods Manifest.lock */ = {
			isa = PBXShellScriptBuildPhase;
			buildActionMask = 2147483647;
			files = (
			);
			inputFileListPaths = (
			);
			inputPaths = (
				"${PODS_PODFILE_DIR_PATH}/Podfile.lock",
				"${PODS_ROOT}/Manifest.lock",
			);
			name = "[CP] Check Pods Manifest.lock";
			outputFileListPaths = (
			);
			outputPaths = (
				"$(DERIVED_FILE_DIR)/Pods-MyPlaces-checkManifestLockResult.txt",
			);
			runOnlyForDeploymentPostprocessing = 0;
			shellPath = /bin/sh;
			shellScript = "diff \"${PODS_PODFILE_DIR_PATH}/Podfile.lock\" \"${PODS_ROOT}/Manifest.lock\" > /dev/null\nif [ $? != 0 ] ; then\n    # print error to STDERR\n    echo \"error: The sandbox is not in sync with the Podfile.lock. Run 'pod install' or update your CocoaPods installation.\" >&2\n    exit 1\nfi\n# This output is used by Xcode 'outputs' to avoid re-running this script phase.\necho \"SUCCESS\" > \"${SCRIPT_OUTPUT_FILE_0}\"\n";
			showEnvVarsInLog = 0;
		};
/* End PBXShellScriptBuildPhase section */

/* Begin PBXSourcesBuildPhase section */
		7B6C0DB623E87BBA007123EC /* Sources */ = {
			isa = PBXSourcesBuildPhase;
			buildActionMask = 2147483647;
			files = (
				7B6C0DBE23E87BBA007123EC /* AppDelegate.swift in Sources */,
				7BE3822323E9F2F300B11711 /* NewPlaceViewController.swift in Sources */,
				7B6C0DC023E87BBA007123EC /* SceneDelegate.swift in Sources */,
				7B626B1723EC9331009CDC74 /* StorageManager.swift in Sources */,
				7B626B1B23F022B3009CDC74 /* MapViewController.swift in Sources */,
				7B626B1923EF1670009CDC74 /* RatingControl.swift in Sources */,
				7BE3822123E9E35F00B11711 /* PlaceModel.swift in Sources */,
				7BE3821F23E9DEEF00B11711 /* CustomTableViewCell.swift in Sources */,
				7B6C0DD723E8805F007123EC /* MainViewController.swift in Sources */,
			);
			runOnlyForDeploymentPostprocessing = 0;
		};
/* End PBXSourcesBuildPhase section */

/* Begin PBXVariantGroup section */
		7B6C0DC323E87BBA007123EC /* Main.storyboard */ = {
			isa = PBXVariantGroup;
			children = (
				7B6C0DC423E87BBA007123EC /* Base */,
			);
			name = Main.storyboard;
			sourceTree = "<group>";
		};
		7B6C0DCB23E87BBF007123EC /* LaunchScreen.storyboard */ = {
			isa = PBXVariantGroup;
			children = (
				7B6C0DCC23E87BBF007123EC /* Base */,
			);
			name = LaunchScreen.storyboard;
			sourceTree = "<group>";
		};
/* End PBXVariantGroup section */

/* Begin XCBuildConfiguration section */
		7B6C0DCF23E87BBF007123EC /* Debug */ = {
			isa = XCBuildConfiguration;
			buildSettings = {
				ALWAYS_SEARCH_USER_PATHS = NO;
				CLANG_ANALYZER_NONNULL = YES;
				CLANG_ANALYZER_NUMBER_OBJECT_CONVERSION = YES_AGGRESSIVE;
				CLANG_CXX_LANGUAGE_STANDARD = "gnu++14";
				CLANG_CXX_LIBRARY = "libc++";
				CLANG_ENABLE_MODULES = YES;
				CLANG_ENABLE_OBJC_ARC = YES;
				CLANG_ENABLE_OBJC_WEAK = YES;
				CLANG_WARN_BLOCK_CAPTURE_AUTORELEASING = YES;
				CLANG_WARN_BOOL_CONVERSION = YES;
				CLANG_WARN_COMMA = YES;
				CLANG_WARN_CONSTANT_CONVERSION = YES;
				CLANG_WARN_DEPRECATED_OBJC_IMPLEMENTATIONS = YES;
				CLANG_WARN_DIRECT_OBJC_ISA_USAGE = YES_ERROR;
				CLANG_WARN_DOCUMENTATION_COMMENTS = YES;
				CLANG_WARN_EMPTY_BODY = YES;
				CLANG_WARN_ENUM_CONVERSION = YES;
				CLANG_WARN_INFINITE_RECURSION = YES;
				CLANG_WARN_INT_CONVERSION = YES;
				CLANG_WARN_NON_LITERAL_NULL_CONVERSION = YES;
				CLANG_WARN_OBJC_IMPLICIT_RETAIN_SELF = YES;
				CLANG_WARN_OBJC_LITERAL_CONVERSION = YES;
				CLANG_WARN_OBJC_ROOT_CLASS = YES_ERROR;
				CLANG_WARN_RANGE_LOOP_ANALYSIS = YES;
				CLANG_WARN_STRICT_PROTOTYPES = YES;
				CLANG_WARN_SUSPICIOUS_MOVE = YES;
				CLANG_WARN_UNGUARDED_AVAILABILITY = YES_AGGRESSIVE;
				CLANG_WARN_UNREACHABLE_CODE = YES;
				CLANG_WARN__DUPLICATE_METHOD_MATCH = YES;
				COPY_PHASE_STRIP = NO;
				DEBUG_INFORMATION_FORMAT = dwarf;
				ENABLE_STRICT_OBJC_MSGSEND = YES;
				ENABLE_TESTABILITY = YES;
				GCC_C_LANGUAGE_STANDARD = gnu11;
				GCC_DYNAMIC_NO_PIC = NO;
				GCC_NO_COMMON_BLOCKS = YES;
				GCC_OPTIMIZATION_LEVEL = 0;
				GCC_PREPROCESSOR_DEFINITIONS = (
					"DEBUG=1",
					"$(inherited)",
				);
				GCC_WARN_64_TO_32_BIT_CONVERSION = YES;
				GCC_WARN_ABOUT_RETURN_TYPE = YES_ERROR;
				GCC_WARN_UNDECLARED_SELECTOR = YES;
				GCC_WARN_UNINITIALIZED_AUTOS = YES_AGGRESSIVE;
				GCC_WARN_UNUSED_FUNCTION = YES;
				GCC_WARN_UNUSED_VARIABLE = YES;
				IPHONEOS_DEPLOYMENT_TARGET = 13.2;
				MTL_ENABLE_DEBUG_INFO = INCLUDE_SOURCE;
				MTL_FAST_MATH = YES;
				ONLY_ACTIVE_ARCH = YES;
				SDKROOT = iphoneos;
				SWIFT_ACTIVE_COMPILATION_CONDITIONS = DEBUG;
				SWIFT_OPTIMIZATION_LEVEL = "-Onone";
			};
			name = Debug;
		};
		7B6C0DD023E87BBF007123EC /* Release */ = {
			isa = XCBuildConfiguration;
			buildSettings = {
				ALWAYS_SEARCH_USER_PATHS = NO;
				CLANG_ANALYZER_NONNULL = YES;
				CLANG_ANALYZER_NUMBER_OBJECT_CONVERSION = YES_AGGRESSIVE;
				CLANG_CXX_LANGUAGE_STANDARD = "gnu++14";
				CLANG_CXX_LIBRARY = "libc++";
				CLANG_ENABLE_MODULES = YES;
				CLANG_ENABLE_OBJC_ARC = YES;
				CLANG_ENABLE_OBJC_WEAK = YES;
				CLANG_WARN_BLOCK_CAPTURE_AUTORELEASING = YES;
				CLANG_WARN_BOOL_CONVERSION = YES;
				CLANG_WARN_COMMA = YES;
				CLANG_WARN_CONSTANT_CONVERSION = YES;
				CLANG_WARN_DEPRECATED_OBJC_IMPLEMENTATIONS = YES;
				CLANG_WARN_DIRECT_OBJC_ISA_USAGE = YES_ERROR;
				CLANG_WARN_DOCUMENTATION_COMMENTS = YES;
				CLANG_WARN_EMPTY_BODY = YES;
				CLANG_WARN_ENUM_CONVERSION = YES;
				CLANG_WARN_INFINITE_RECURSION = YES;
				CLANG_WARN_INT_CONVERSION = YES;
				CLANG_WARN_NON_LITERAL_NULL_CONVERSION = YES;
				CLANG_WARN_OBJC_IMPLICIT_RETAIN_SELF = YES;
				CLANG_WARN_OBJC_LITERAL_CONVERSION = YES;
				CLANG_WARN_OBJC_ROOT_CLASS = YES_ERROR;
				CLANG_WARN_RANGE_LOOP_ANALYSIS = YES;
				CLANG_WARN_STRICT_PROTOTYPES = YES;
				CLANG_WARN_SUSPICIOUS_MOVE = YES;
				CLANG_WARN_UNGUARDED_AVAILABILITY = YES_AGGRESSIVE;
				CLANG_WARN_UNREACHABLE_CODE = YES;
				CLANG_WARN__DUPLICATE_METHOD_MATCH = YES;
				COPY_PHASE_STRIP = NO;
				DEBUG_INFORMATION_FORMAT = "dwarf-with-dsym";
				ENABLE_NS_ASSERTIONS = NO;
				ENABLE_STRICT_OBJC_MSGSEND = YES;
				GCC_C_LANGUAGE_STANDARD = gnu11;
				GCC_NO_COMMON_BLOCKS = YES;
				GCC_WARN_64_TO_32_BIT_CONVERSION = YES;
				GCC_WARN_ABOUT_RETURN_TYPE = YES_ERROR;
				GCC_WARN_UNDECLARED_SELECTOR = YES;
				GCC_WARN_UNINITIALIZED_AUTOS = YES_AGGRESSIVE;
				GCC_WARN_UNUSED_FUNCTION = YES;
				GCC_WARN_UNUSED_VARIABLE = YES;
				IPHONEOS_DEPLOYMENT_TARGET = 13.2;
				MTL_ENABLE_DEBUG_INFO = NO;
				MTL_FAST_MATH = YES;
				SDKROOT = iphoneos;
				SWIFT_COMPILATION_MODE = wholemodule;
				SWIFT_OPTIMIZATION_LEVEL = "-O";
				VALIDATE_PRODUCT = YES;
			};
			name = Release;
		};
		7B6C0DD223E87BBF007123EC /* Debug */ = {
			isa = XCBuildConfiguration;
			baseConfigurationReference = 5A618331DE609EBB89E138B8 /* Pods-MyPlaces.debug.xcconfig */;
			buildSettings = {
				ASSETCATALOG_COMPILER_APPICON_NAME = AppIcon;
				CODE_SIGN_STYLE = Automatic;
				DEVELOPMENT_TEAM = 98379XS7GB;
				INFOPLIST_FILE = MyPlaces/Info.plist;
				IPHONEOS_DEPLOYMENT_TARGET = 13.2;
				LD_RUNPATH_SEARCH_PATHS = (
					"$(inherited)",
					"@executable_path/Frameworks",
				);
				PRODUCT_BUNDLE_IDENTIFIER = "Maxim-Alekseev.MyPlaces";
				PRODUCT_NAME = "$(TARGET_NAME)";
				SWIFT_VERSION = 5.0;
				TARGETED_DEVICE_FAMILY = "1,2";
			};
			name = Debug;
		};
		7B6C0DD323E87BBF007123EC /* Release */ = {
			isa = XCBuildConfiguration;
			baseConfigurationReference = 290265658861A3E69AFA3D04 /* Pods-MyPlaces.release.xcconfig */;
			buildSettings = {
				ASSETCATALOG_COMPILER_APPICON_NAME = AppIcon;
				CODE_SIGN_STYLE = Automatic;
				DEVELOPMENT_TEAM = 98379XS7GB;
				INFOPLIST_FILE = MyPlaces/Info.plist;
				IPHONEOS_DEPLOYMENT_TARGET = 13.2;
				LD_RUNPATH_SEARCH_PATHS = (
					"$(inherited)",
					"@executable_path/Frameworks",
				);
				PRODUCT_BUNDLE_IDENTIFIER = "Maxim-Alekseev.MyPlaces";
				PRODUCT_NAME = "$(TARGET_NAME)";
				SWIFT_VERSION = 5.0;
				TARGETED_DEVICE_FAMILY = "1,2";
			};
			name = Release;
		};
/* End XCBuildConfiguration section */

/* Begin XCConfigurationList section */
		7B6C0DB523E87BBA007123EC /* Build configuration list for PBXProject "MyPlaces" */ = {
			isa = XCConfigurationList;
			buildConfigurations = (
				7B6C0DCF23E87BBF007123EC /* Debug */,
				7B6C0DD023E87BBF007123EC /* Release */,
			);
			defaultConfigurationIsVisible = 0;
			defaultConfigurationName = Release;
		};
		7B6C0DD123E87BBF007123EC /* Build configuration list for PBXNativeTarget "MyPlaces" */ = {
			isa = XCConfigurationList;
			buildConfigurations = (
				7B6C0DD223E87BBF007123EC /* Debug */,
				7B6C0DD323E87BBF007123EC /* Release */,
			);
			defaultConfigurationIsVisible = 0;
			defaultConfigurationName = Release;
		};
/* End XCConfigurationList section */
	};
	rootObject = 7B6C0DB223E87BBA007123EC /* Project object */;
}
